// !$*UTF8*$!
{
	archiveVersion = 1;
	classes = {
	};
	objectVersion = 46;
	objects = {

/* Begin PBXBuildFile section */
		ECEDD6991DB4C2B500752085 /* Storyteller.cpp in Sources */ = {isa = PBXBuildFile; fileRef = ECEDD6961DB4C2B500752085 /* Storyteller.cpp */; };
		ECEDD69A1DB4C32800752085 /* main.cpp in Sources */ = {isa = PBXBuildFile; fileRef = ECEDD6941DB4C2B500752085 /* main.cpp */; };
		ECEDD69C1DB4D3D700752085 /* Scene.cpp in Sources */ = {isa = PBXBuildFile; fileRef = ECEDD69B1DB4D3D700752085 /* Scene.cpp */; };
		ECEDD6A81DB4DE2300752085 /* liblua.a in Frameworks */ = {isa = PBXBuildFile; fileRef = ECEDD6A51DB4DE2300752085 /* liblua.a */; };
/* End PBXBuildFile section */

/* Begin PBXCopyFilesBuildPhase section */
		ECEDD6861DB4C0F000752085 /* CopyFiles */ = {
			isa = PBXCopyFilesBuildPhase;
			buildActionMask = 2147483647;
			dstPath = /usr/share/man/man1/;
			dstSubfolderSpec = 0;
			files = (
			);
			runOnlyForDeploymentPostprocessing = 1;
		};
/* End PBXCopyFilesBuildPhase section */

/* Begin PBXFileReference section */
		ECEDD6881DB4C0F000752085 /* Storyteller */ = {isa = PBXFileReference; explicitFileType = "compiled.mach-o.executable"; includeInIndex = 0; path = Storyteller; sourceTree = BUILT_PRODUCTS_DIR; };
		ECEDD6921DB4C2B500752085 /* common.h */ = {isa = PBXFileReference; fileEncoding = 4; lastKnownFileType = sourcecode.c.h; path = common.h; sourceTree = "<group>"; };
		ECEDD6931DB4C2B500752085 /* Event.h */ = {isa = PBXFileReference; fileEncoding = 4; lastKnownFileType = sourcecode.c.h; path = Event.h; sourceTree = "<group>"; };
		ECEDD6941DB4C2B500752085 /* main.cpp */ = {isa = PBXFileReference; fileEncoding = 4; lastKnownFileType = sourcecode.cpp.cpp; path = main.cpp; sourceTree = "<group>"; };
		ECEDD6951DB4C2B500752085 /* Scene.h */ = {isa = PBXFileReference; fileEncoding = 4; lastKnownFileType = sourcecode.c.h; path = Scene.h; sourceTree = "<group>"; };
		ECEDD6961DB4C2B500752085 /* Storyteller.cpp */ = {isa = PBXFileReference; fileEncoding = 4; lastKnownFileType = sourcecode.cpp.cpp; path = Storyteller.cpp; sourceTree = "<group>"; };
		ECEDD6971DB4C2B500752085 /* Storyteller.h */ = {isa = PBXFileReference; fileEncoding = 4; lastKnownFileType = sourcecode.c.h; path = Storyteller.h; sourceTree = "<group>"; };
		ECEDD69B1DB4D3D700752085 /* Scene.cpp */ = {isa = PBXFileReference; fileEncoding = 4; lastKnownFileType = sourcecode.cpp.cpp; path = Scene.cpp; sourceTree = "<group>"; };
		ECEDD69F1DB4DE2300752085 /* lauxlib.h */ = {isa = PBXFileReference; fileEncoding = 4; lastKnownFileType = sourcecode.c.h; path = lauxlib.h; sourceTree = "<group>"; };
		ECEDD6A01DB4DE2300752085 /* lua.h */ = {isa = PBXFileReference; fileEncoding = 4; lastKnownFileType = sourcecode.c.h; path = lua.h; sourceTree = "<group>"; };
		ECEDD6A11DB4DE2300752085 /* lua.hpp */ = {isa = PBXFileReference; fileEncoding = 4; lastKnownFileType = sourcecode.cpp.h; path = lua.hpp; sourceTree = "<group>"; };
		ECEDD6A21DB4DE2300752085 /* luaconf.h */ = {isa = PBXFileReference; fileEncoding = 4; lastKnownFileType = sourcecode.c.h; path = luaconf.h; sourceTree = "<group>"; };
		ECEDD6A31DB4DE2300752085 /* lualib.h */ = {isa = PBXFileReference; fileEncoding = 4; lastKnownFileType = sourcecode.c.h; path = lualib.h; sourceTree = "<group>"; };
		ECEDD6A51DB4DE2300752085 /* liblua.a */ = {isa = PBXFileReference; lastKnownFileType = archive.ar; path = liblua.a; sourceTree = "<group>"; };
/* End PBXFileReference section */

/* Begin PBXFrameworksBuildPhase section */
		ECEDD6851DB4C0F000752085 /* Frameworks */ = {
			isa = PBXFrameworksBuildPhase;
			buildActionMask = 2147483647;
			files = (
				ECEDD6A81DB4DE2300752085 /* liblua.a in Frameworks */,
			);
			runOnlyForDeploymentPostprocessing = 0;
		};
/* End PBXFrameworksBuildPhase section */

/* Begin PBXGroup section */
		ECEDD67C1DB4C06000752085 = {
			isa = PBXGroup;
			children = (
				ECEDD69D1DB4DE2300752085 /* lua */,
				ECEDD6911DB4C2B500752085 /* src */,
				ECEDD6891DB4C0F000752085 /* Products */,
			);
			sourceTree = "<group>";
		};
		ECEDD6891DB4C0F000752085 /* Products */ = {
			isa = PBXGroup;
			children = (
				ECEDD6881DB4C0F000752085 /* Storyteller */,
			);
			name = Products;
			sourceTree = "<group>";
		};
		ECEDD6911DB4C2B500752085 /* src */ = {
			isa = PBXGroup;
			children = (
				ECEDD6921DB4C2B500752085 /* common.h */,
				ECEDD6931DB4C2B500752085 /* Event.h */,
				ECEDD6941DB4C2B500752085 /* main.cpp */,
				ECEDD6951DB4C2B500752085 /* Scene.h */,
				ECEDD6961DB4C2B500752085 /* Storyteller.cpp */,
				ECEDD6971DB4C2B500752085 /* Storyteller.h */,
				ECEDD69B1DB4D3D700752085 /* Scene.cpp */,
			);
			name = src;
			path = ../src;
			sourceTree = "<group>";
		};
		ECEDD69D1DB4DE2300752085 /* lua */ = {
			isa = PBXGroup;
			children = (
				ECEDD69E1DB4DE2300752085 /* include */,
				ECEDD6A41DB4DE2300752085 /* lib */,
			);
			name = lua;
			path = ../lua;
			sourceTree = "<group>";
		};
		ECEDD69E1DB4DE2300752085 /* include */ = {
			isa = PBXGroup;
			children = (
				ECEDD69F1DB4DE2300752085 /* lauxlib.h */,
				ECEDD6A01DB4DE2300752085 /* lua.h */,
				ECEDD6A11DB4DE2300752085 /* lua.hpp */,
				ECEDD6A21DB4DE2300752085 /* luaconf.h */,
				ECEDD6A31DB4DE2300752085 /* lualib.h */,
			);
			path = include;
			sourceTree = "<group>";
		};
		ECEDD6A41DB4DE2300752085 /* lib */ = {
			isa = PBXGroup;
			children = (
				ECEDD6A51DB4DE2300752085 /* liblua.a */,
				ECEDD6A61DB4DE2300752085 /* lua */,
			);
			path = lib;
			sourceTree = "<group>";
		};
		ECEDD6A61DB4DE2300752085 /* lua */ = {
			isa = PBXGroup;
			children = (
				ECEDD6A71DB4DE2300752085 /* 5.3 */,
			);
			path = lua;
			sourceTree = "<group>";
		};
		ECEDD6A71DB4DE2300752085 /* 5.3 */ = {
			isa = PBXGroup;
			children = (
			);
			path = 5.3;
			sourceTree = "<group>";
		};
/* End PBXGroup section */

/* Begin PBXNativeTarget section */
		ECEDD6871DB4C0F000752085 /* Storyteller */ = {
			isa = PBXNativeTarget;
			buildConfigurationList = ECEDD68D1DB4C0F000752085 /* Build configuration list for PBXNativeTarget "Storyteller" */;
			buildPhases = (
				ECEDD6841DB4C0F000752085 /* Sources */,
				ECEDD6851DB4C0F000752085 /* Frameworks */,
				ECEDD6861DB4C0F000752085 /* CopyFiles */,
			);
			buildRules = (
			);
			dependencies = (
			);
			name = Storyteller;
			productName = Storyteller;
			productReference = ECEDD6881DB4C0F000752085 /* Storyteller */;
			productType = "com.apple.product-type.tool";
		};
/* End PBXNativeTarget section */

/* Begin PBXProject section */
		ECEDD67D1DB4C06000752085 /* Project object */ = {
			isa = PBXProject;
			attributes = {
				LastUpgradeCheck = 0730;
				TargetAttributes = {
					ECEDD6871DB4C0F000752085 = {
						CreatedOnToolsVersion = 7.3;
					};
				};
			};
			buildConfigurationList = ECEDD6801DB4C06000752085 /* Build configuration list for PBXProject "Storyteller" */;
			compatibilityVersion = "Xcode 3.2";
			developmentRegion = English;
			hasScannedForEncodings = 0;
			knownRegions = (
				en,
			);
			mainGroup = ECEDD67C1DB4C06000752085;
			productRefGroup = ECEDD6891DB4C0F000752085 /* Products */;
			projectDirPath = "";
			projectRoot = "";
			targets = (
				ECEDD6871DB4C0F000752085 /* Storyteller */,
			);
		};
/* End PBXProject section */

/* Begin PBXSourcesBuildPhase section */
		ECEDD6841DB4C0F000752085 /* Sources */ = {
			isa = PBXSourcesBuildPhase;
			buildActionMask = 2147483647;
			files = (
				ECEDD69C1DB4D3D700752085 /* Scene.cpp in Sources */,
				ECEDD6991DB4C2B500752085 /* Storyteller.cpp in Sources */,
				ECEDD69A1DB4C32800752085 /* main.cpp in Sources */,
			);
			runOnlyForDeploymentPostprocessing = 0;
		};
/* End PBXSourcesBuildPhase section */

/* Begin XCBuildConfiguration section */
		ECEDD6811DB4C06000752085 /* Debug */ = {
			isa = XCBuildConfiguration;
			buildSettings = {
			};
			name = Debug;
		};
		ECEDD6821DB4C06000752085 /* Release */ = {
			isa = XCBuildConfiguration;
			buildSettings = {
			};
			name = Release;
		};
		ECEDD68E1DB4C0F000752085 /* Debug */ = {
			isa = XCBuildConfiguration;
			buildSettings = {
				ALWAYS_SEARCH_USER_PATHS = NO;
				CLANG_ANALYZER_NONNULL = YES;
				CLANG_CXX_LANGUAGE_STANDARD = "gnu++0x";
				CLANG_CXX_LIBRARY = "libc++";
				CLANG_ENABLE_MODULES = YES;
				CLANG_ENABLE_OBJC_ARC = YES;
				CLANG_WARN_BOOL_CONVERSION = YES;
				CLANG_WARN_CONSTANT_CONVERSION = YES;
				CLANG_WARN_DIRECT_OBJC_ISA_USAGE = YES_ERROR;
				CLANG_WARN_EMPTY_BODY = YES;
				CLANG_WARN_ENUM_CONVERSION = YES;
				CLANG_WARN_INT_CONVERSION = YES;
				CLANG_WARN_OBJC_ROOT_CLASS = YES_ERROR;
				CLANG_WARN_UNREACHABLE_CODE = YES;
				CLANG_WARN__DUPLICATE_METHOD_MATCH = YES;
				CODE_SIGN_IDENTITY = "-";
				COPY_PHASE_STRIP = NO;
				DEBUG_INFORMATION_FORMAT = dwarf;
				ENABLE_STRICT_OBJC_MSGSEND = YES;
				ENABLE_TESTABILITY = YES;
				GCC_C_LANGUAGE_STANDARD = gnu99;
				GCC_DYNAMIC_NO_PIC = NO;
				GCC_NO_COMMON_BLOCKS = YES;
				GCC_OPTIMIZATION_LEVEL = 0;
				GCC_PREPROCESSOR_DEFINITIONS = (
					"DEBUG=1",
					"$(inherited)",
				);
				GCC_WARN_64_TO_32_BIT_CONVERSION = YES;
				GCC_WARN_ABOUT_RETURN_TYPE = YES_ERROR;
				GCC_WARN_UNDECLARED_SELECTOR = YES;
				GCC_WARN_UNINITIALIZED_AUTOS = YES_AGGRESSIVE;
				GCC_WARN_UNUSED_FUNCTION = YES;
				GCC_WARN_UNUSED_VARIABLE = YES;
				MACOSX_DEPLOYMENT_TARGET = 10.11;
				MTL_ENABLE_DEBUG_INFO = YES;
				ONLY_ACTIVE_ARCH = YES;
				PRODUCT_NAME = "$(TARGET_NAME)";
				SDKROOT = macosx;
			};
			name = Debug;
		};
		ECEDD68F1DB4C0F000752085 /* Release */ = {
			isa = XCBuildConfiguration;
			buildSettings = {
				ALWAYS_SEARCH_USER_PATHS = NO;
				CLANG_ANALYZER_NONNULL = YES;
				CLANG_CXX_LANGUAGE_STANDARD = "gnu++0x";
				CLANG_CXX_LIBRARY = "libc++";
				CLANG_ENABLE_MODULES = YES;
				CLANG_ENABLE_OBJC_ARC = YES;
				CLANG_WARN_BOOL_CONVERSION = YES;
				CLANG_WARN_CONSTANT_CONVERSION = YES;
				CLANG_WARN_DIRECT_OBJC_ISA_USAGE = YES_ERROR;
				CLANG_WARN_EMPTY_BODY = YES;
				CLANG_WARN_ENUM_CONVERSION = YES;
				CLANG_WARN_INT_CONVERSION = YES;
				CLANG_WARN_OBJC_ROOT_CLASS = YES_ERROR;
				CLANG_WARN_UNREACHABLE_CODE = YES;
				CLANG_WARN__DUPLICATE_METHOD_MATCH = YES;
				CODE_SIGN_IDENTITY = "-";
				COPY_PHASE_STRIP = NO;
				DEBUG_INFORMATION_FORMAT = "dwarf-with-dsym";
				ENABLE_NS_ASSERTIONS = NO;
				ENABLE_STRICT_OBJC_MSGSEND = YES;
				GCC_C_LANGUAGE_STANDARD = gnu99;
				GCC_NO_COMMON_BLOCKS = YES;
				GCC_WARN_64_TO_32_BIT_CONVERSION = YES;
				GCC_WARN_ABOUT_RETURN_TYPE = YES_ERROR;
				GCC_WARN_UNDECLARED_SELECTOR = YES;
				GCC_WARN_UNINITIALIZED_AUTOS = YES_AGGRESSIVE;
				GCC_WARN_UNUSED_FUNCTION = YES;
				GCC_WARN_UNUSED_VARIABLE = YES;
				MACOSX_DEPLOYMENT_TARGET = 10.11;
				MTL_ENABLE_DEBUG_INFO = NO;
				PRODUCT_NAME = "$(TARGET_NAME)";
				SDKROOT = macosx;
			};
			name = Release;
		};
/* End XCBuildConfiguration section */

/* Begin XCConfigurationList section */
		ECEDD6801DB4C06000752085 /* Build configuration list for PBXProject "Storyteller" */ = {
			isa = XCConfigurationList;
			buildConfigurations = (
				ECEDD6811DB4C06000752085 /* Debug */,
				ECEDD6821DB4C06000752085 /* Release */,
			);
			defaultConfigurationIsVisible = 0;
			defaultConfigurationName = Release;
		};
		ECEDD68D1DB4C0F000752085 /* Build configuration list for PBXNativeTarget "Storyteller" */ = {
			isa = XCConfigurationList;
			buildConfigurations = (
				ECEDD68E1DB4C0F000752085 /* Debug */,
				ECEDD68F1DB4C0F000752085 /* Release */,
			);
			defaultConfigurationIsVisible = 0;
			defaultConfigurationName = Release;
		};
/* End XCConfigurationList section */
	};
	rootObject = ECEDD67D1DB4C06000752085 /* Project object */;
}
